
Microsoft Visual Studio Solution File, Format Version 12.00
# Visual Studio 15
VisualStudioVersion = 15.0.28307.1267
MinimumVisualStudioVersion = 10.0.40219.1
Project("{FAE04EC0-301F-11D3-BF4B-00C04F79EFBC}") = "RentalKendaraan", "RentalKendaraan\RentalKendaraan.csproj", "{C0A2BE25-CA37-48BA-95BD-E4D04B4E3820}"
EndProject
Global
	GlobalSection(SolutionConfigurationPlatforms) = preSolution
		Debug|Any CPU = Debug|Any CPU
		Release|Any CPU = Release|Any CPU
	EndGlobalSection
	GlobalSection(ProjectConfigurationPlatforms) = postSolution
		{C0A2BE25-CA37-48BA-95BD-E4D04B4E3820}.Debug|Any CPU.ActiveCfg = Debug|Any CPU
		{C0A2BE25-CA37-48BA-95BD-E4D04B4E3820}.Debug|Any CPU.Build.0 = Debug|Any CPU
		{C0A2BE25-CA37-48BA-95BD-E4D04B4E3820}.Release|Any CPU.ActiveCfg = Release|Any CPU
		{C0A2BE25-CA37-48BA-95BD-E4D04B4E3820}.Release|Any CPU.Build.0 = Release|Any CPU
	EndGlobalSection
	GlobalSection(SolutionProperties) = preSolution
		HideSolutionNode = FALSE
	EndGlobalSection
	GlobalSection(ExtensibilityGlobals) = postSolution
		SolutionGuid = {2B0FD370-9037-4082-9711-5EA236F9F880}
	EndGlobalSection
EndGlobal
